
Microsoft Visual Studio Solution File, Format Version 12.00
# Visual Studio Version 17
VisualStudioVersion = 17.8.34511.84
MinimumVisualStudioVersion = 10.0.40219.1
Project("{8BC9CEB8-8B4A-11D0-8D11-00A0C91BC942}") = "Tic-Tac-Toe", "Tic-Tac-Toe\Tic-Tac-Toe.vcxproj", "{846B34DF-6838-499F-AB46-72B078E7A503}"
EndProject
Global
	GlobalSection(SolutionConfigurationPlatforms) = preSolution
		Debug|x64 = Debug|x64
		Debug|x86 = Debug|x86
		Release|x64 = Release|x64
		Release|x86 = Release|x86
	EndGlobalSection
	GlobalSection(ProjectConfigurationPlatforms) = postSolution
		{846B34DF-6838-499F-AB46-72B078E7A503}.Debug|x64.ActiveCfg = Debug|x64
		{846B34DF-6838-499F-AB46-72B078E7A503}.Debug|x64.Build.0 = Debug|x64
		{846B34DF-6838-499F-AB46-72B078E7A503}.Debug|x86.ActiveCfg = Debug|Win32
		{846B34DF-6838-499F-AB46-72B078E7A503}.Debug|x86.Build.0 = Debug|Win32
		{846B34DF-6838-499F-AB46-72B078E7A503}.Release|x64.ActiveCfg = Release|x64
		{846B34DF-6838-499F-AB46-72B078E7A503}.Release|x64.Build.0 = Release|x64
		{846B34DF-6838-499F-AB46-72B078E7A503}.Release|x86.ActiveCfg = Release|Win32
		{846B34DF-6838-499F-AB46-72B078E7A503}.Release|x86.Build.0 = Release|Win32
	EndGlobalSection
	GlobalSection(SolutionProperties) = preSolution
		HideSolutionNode = FALSE
	EndGlobalSection
	GlobalSection(ExtensibilityGlobals) = postSolution
		SolutionGuid = {5DBD4FA7-43BC-4401-A363-1F0182B55AA0}
	EndGlobalSection
EndGlobal
